
Microsoft Visual Studio Solution File, Format Version 12.00
# Visual Studio Version 17
VisualStudioVersion = 17.0.31903.59
MinimumVisualStudioVersion = 10.0.40219.1
Project("{FAE04EC0-301F-11D3-BF4B-00C04F79EFBC}") = "Task_4.1", "Task_4.1\Task_4.1.csproj", "{EEC05718-1864-4970-8CF0-4474B5BA5CDF}"
EndProject
Global
	GlobalSection(SolutionConfigurationPlatforms) = preSolution
		Debug|Any CPU = Debug|Any CPU
		Release|Any CPU = Release|Any CPU
	EndGlobalSection
	GlobalSection(ProjectConfigurationPlatforms) = postSolution
		{EEC05718-1864-4970-8CF0-4474B5BA5CDF}.Debug|Any CPU.ActiveCfg = Debug|Any CPU
		{EEC05718-1864-4970-8CF0-4474B5BA5CDF}.Debug|Any CPU.Build.0 = Debug|Any CPU
		{EEC05718-1864-4970-8CF0-4474B5BA5CDF}.Release|Any CPU.ActiveCfg = Release|Any CPU
		{EEC05718-1864-4970-8CF0-4474B5BA5CDF}.Release|Any CPU.Build.0 = Release|Any CPU
	EndGlobalSection
	GlobalSection(SolutionProperties) = preSolution
		HideSolutionNode = FALSE
	EndGlobalSection
	GlobalSection(ExtensibilityGlobals) = postSolution
		SolutionGuid = {30417DF7-4292-4DA3-8F4E-BA9DD7890518}
	EndGlobalSection
EndGlobal
